// !$*UTF8*$!
{
	archiveVersion = 1;
	classes = {
	};
	objectVersion = 56;
	objects = {

/* Begin PBXBuildFile section */
		AA018BD52A055A89006ACE0C /* DataManager.swift in Sources */ = {isa = PBXBuildFile; fileRef = AA018BD42A055A89006ACE0C /* DataManager.swift */; };
		AA018BD82A055ABD006ACE0C /* LittleLemonProjectDB.xcdatamodeld in Sources */ = {isa = PBXBuildFile; fileRef = AA018BD62A055ABD006ACE0C /* LittleLemonProjectDB.xcdatamodeld */; };
		AA4AE26A2A0093080091FEBB /* Assets.xcassets in Resources */ = {isa = PBXBuildFile; fileRef = AA4AE2692A0093080091FEBB /* Assets.xcassets */; };
		AA4AE26D2A045AC10091FEBB /* Color+Extension.swift in Sources */ = {isa = PBXBuildFile; fileRef = AA4AE26C2A045AC10091FEBB /* Color+Extension.swift */; };
		AA4AE2742A05B6140091FEBB /* HomeViewModel.swift in Sources */ = {isa = PBXBuildFile; fileRef = AA4AE2732A05B6140091FEBB /* HomeViewModel.swift */; };
		AA4AE2762A05B8880091FEBB /* Dish+Extension.swift in Sources */ = {isa = PBXBuildFile; fileRef = AA4AE2752A05B8880091FEBB /* Dish+Extension.swift */; };
		AA4AE2782A05DF280091FEBB /* Double+Extension.swift in Sources */ = {isa = PBXBuildFile; fileRef = AA4AE2772A05DF280091FEBB /* Double+Extension.swift */; };
		AA4AE27C2A05EFBE0091FEBB /* DishDetail.swift in Sources */ = {isa = PBXBuildFile; fileRef = AA4AE27B2A05EFBE0091FEBB /* DishDetail.swift */; };
		AA90FFB12A06881F005552B1 /* Preview_Provider+Extension.swift in Sources */ = {isa = PBXBuildFile; fileRef = AA90FFB02A06881F005552B1 /* Preview_Provider+Extension.swift */; };
		AA90FFB42A06B6D6005552B1 /* Header.swift in Sources */ = {isa = PBXBuildFile; fileRef = AA90FFB32A06B6D6005552B1 /* Header.swift */; };
		AA94EE592A008A6800B89070 /* LittleLemonProjectApp.swift in Sources */ = {isa = PBXBuildFile; fileRef = AA94EE582A008A6800B89070 /* LittleLemonProjectApp.swift */; };
		AA94EE612A008A6A00B89070 /* Preview Assets.xcassets in Resources */ = {isa = PBXBuildFile; fileRef = AA94EE602A008A6A00B89070 /* Preview Assets.xcassets */; };
		AA94EE6B2A008AB900B89070 /* CustomStyle.swift in Sources */ = {isa = PBXBuildFile; fileRef = AA94EE682A008AB900B89070 /* CustomStyle.swift */; };
		AA94EE6C2A008AB900B89070 /* CustomTextfieldStyle.swift in Sources */ = {isa = PBXBuildFile; fileRef = AA94EE692A008AB900B89070 /* CustomTextfieldStyle.swift */; };
		AA94EE6D2A008AB900B89070 /* Home.swift in Sources */ = {isa = PBXBuildFile; fileRef = AA94EE6A2A008AB900B89070 /* Home.swift */; };
		AA94EE712A008AC600B89070 /* MenuCell.swift in Sources */ = {isa = PBXBuildFile; fileRef = AA94EE6E2A008AC600B89070 /* MenuCell.swift */; };
		AA94EE722A008AC600B89070 /* Onboarding.swift in Sources */ = {isa = PBXBuildFile; fileRef = AA94EE6F2A008AC600B89070 /* Onboarding.swift */; };
		AA94EE732A008AC600B89070 /* MenuView.swift in Sources */ = {isa = PBXBuildFile; fileRef = AA94EE702A008AC600B89070 /* MenuView.swift */; };
		AA94EE752A008AD000B89070 /* UserProfile.swift in Sources */ = {isa = PBXBuildFile; fileRef = AA94EE742A008AD000B89070 /* UserProfile.swift */; };
/* End PBXBuildFile section */

/* Begin PBXFileReference section */
		AA018BD42A055A89006ACE0C /* DataManager.swift */ = {isa = PBXFileReference; lastKnownFileType = sourcecode.swift; path = DataManager.swift; sourceTree = "<group>"; };
		AA018BD72A055ABD006ACE0C /* LittleLemonProjectDB.xcdatamodel */ = {isa = PBXFileReference; lastKnownFileType = wrapper.xcdatamodel; path = LittleLemonProjectDB.xcdatamodel; sourceTree = "<group>"; };
		AA4AE2692A0093080091FEBB /* Assets.xcassets */ = {isa = PBXFileReference; lastKnownFileType = folder.assetcatalog; path = Assets.xcassets; sourceTree = "<group>"; };
		AA4AE26C2A045AC10091FEBB /* Color+Extension.swift */ = {isa = PBXFileReference; lastKnownFileType = sourcecode.swift; path = "Color+Extension.swift"; sourceTree = "<group>"; };
		AA4AE2732A05B6140091FEBB /* HomeViewModel.swift */ = {isa = PBXFileReference; lastKnownFileType = sourcecode.swift; path = HomeViewModel.swift; sourceTree = "<group>"; };
		AA4AE2752A05B8880091FEBB /* Dish+Extension.swift */ = {isa = PBXFileReference; lastKnownFileType = sourcecode.swift; path = "Dish+Extension.swift"; sourceTree = "<group>"; };
		AA4AE2772A05DF280091FEBB /* Double+Extension.swift */ = {isa = PBXFileReference; lastKnownFileType = sourcecode.swift; path = "Double+Extension.swift"; sourceTree = "<group>"; };
		AA4AE27B2A05EFBE0091FEBB /* DishDetail.swift */ = {isa = PBXFileReference; lastKnownFileType = sourcecode.swift; path = DishDetail.swift; sourceTree = "<group>"; };
		AA90FFB02A06881F005552B1 /* Preview_Provider+Extension.swift */ = {isa = PBXFileReference; lastKnownFileType = sourcecode.swift; path = "Preview_Provider+Extension.swift"; sourceTree = "<group>"; };
		AA90FFB32A06B6D6005552B1 /* Header.swift */ = {isa = PBXFileReference; lastKnownFileType = sourcecode.swift; path = Header.swift; sourceTree = "<group>"; };
		AA94EE552A008A6800B89070 /* LittleLemonProject.app */ = {isa = PBXFileReference; explicitFileType = wrapper.application; includeInIndex = 0; path = LittleLemonProject.app; sourceTree = BUILT_PRODUCTS_DIR; };
		AA94EE582A008A6800B89070 /* LittleLemonProjectApp.swift */ = {isa = PBXFileReference; lastKnownFileType = sourcecode.swift; path = LittleLemonProjectApp.swift; sourceTree = "<group>"; };
		AA94EE5E2A008A6A00B89070 /* LittleLemonProject.entitlements */ = {isa = PBXFileReference; lastKnownFileType = text.plist.entitlements; path = LittleLemonProject.entitlements; sourceTree = "<group>"; };
		AA94EE602A008A6A00B89070 /* Preview Assets.xcassets */ = {isa = PBXFileReference; lastKnownFileType = folder.assetcatalog; path = "Preview Assets.xcassets"; sourceTree = "<group>"; };
		AA94EE682A008AB900B89070 /* CustomStyle.swift */ = {isa = PBXFileReference; fileEncoding = 4; lastKnownFileType = sourcecode.swift; path = CustomStyle.swift; sourceTree = "<group>"; };
		AA94EE692A008AB900B89070 /* CustomTextfieldStyle.swift */ = {isa = PBXFileReference; fileEncoding = 4; lastKnownFileType = sourcecode.swift; path = CustomTextfieldStyle.swift; sourceTree = "<group>"; };
		AA94EE6A2A008AB900B89070 /* Home.swift */ = {isa = PBXFileReference; fileEncoding = 4; lastKnownFileType = sourcecode.swift; path = Home.swift; sourceTree = "<group>"; };
		AA94EE6E2A008AC600B89070 /* MenuCell.swift */ = {isa = PBXFileReference; fileEncoding = 4; lastKnownFileType = sourcecode.swift; path = MenuCell.swift; sourceTree = "<group>"; };
		AA94EE6F2A008AC600B89070 /* Onboarding.swift */ = {isa = PBXFileReference; fileEncoding = 4; lastKnownFileType = sourcecode.swift; path = Onboarding.swift; sourceTree = "<group>"; };
		AA94EE702A008AC600B89070 /* MenuView.swift */ = {isa = PBXFileReference; fileEncoding = 4; lastKnownFileType = sourcecode.swift; path = MenuView.swift; sourceTree = "<group>"; };
		AA94EE742A008AD000B89070 /* UserProfile.swift */ = {isa = PBXFileReference; fileEncoding = 4; lastKnownFileType = sourcecode.swift; path = UserProfile.swift; sourceTree = "<group>"; };
/* End PBXFileReference section */

/* Begin PBXFrameworksBuildPhase section */
		AA94EE522A008A6800B89070 /* Frameworks */ = {
			isa = PBXFrameworksBuildPhase;
			buildActionMask = 2147483647;
			files = (
			);
			runOnlyForDeploymentPostprocessing = 0;
		};
/* End PBXFrameworksBuildPhase section */

/* Begin PBXGroup section */
		AA018BD22A055A52006ACE0C /* Model */ = {
			isa = PBXGroup;
			children = (
			);
			path = Model;
			sourceTree = "<group>";
		};
		AA018BD32A055A5C006ACE0C /* Database */ = {
			isa = PBXGroup;
			children = (
				AA018BD42A055A89006ACE0C /* DataManager.swift */,
				AA018BD62A055ABD006ACE0C /* LittleLemonProjectDB.xcdatamodeld */,
				AA4AE2752A05B8880091FEBB /* Dish+Extension.swift */,
			);
			path = Database;
			sourceTree = "<group>";
		};
		AA4AE26B2A045A9D0091FEBB /* Extension+Style */ = {
			isa = PBXGroup;
			children = (
				AA94EE692A008AB900B89070 /* CustomTextfieldStyle.swift */,
				AA94EE682A008AB900B89070 /* CustomStyle.swift */,
				AA4AE26C2A045AC10091FEBB /* Color+Extension.swift */,
				AA4AE2772A05DF280091FEBB /* Double+Extension.swift */,
			);
			path = "Extension+Style";
			sourceTree = "<group>";
		};
		AA4AE2722A05B5D30091FEBB /* ViewModel */ = {
			isa = PBXGroup;
			children = (
				AA4AE2732A05B6140091FEBB /* HomeViewModel.swift */,
			);
			path = ViewModel;
			sourceTree = "<group>";
		};
		AA90FFB22A06B6C2005552B1 /* Subview */ = {
			isa = PBXGroup;
			children = (
				AA90FFB32A06B6D6005552B1 /* Header.swift */,
				AA94EE6E2A008AC600B89070 /* MenuCell.swift */,
			);
			path = Subview;
			sourceTree = "<group>";
		};
		AA94EE4C2A008A6800B89070 = {
			isa = PBXGroup;
			children = (
				AA94EE572A008A6800B89070 /* LittleLemonProject */,
				AA94EE562A008A6800B89070 /* Products */,
			);
			sourceTree = "<group>";
		};
		AA94EE562A008A6800B89070 /* Products */ = {
			isa = PBXGroup;
			children = (
				AA94EE552A008A6800B89070 /* LittleLemonProject.app */,
			);
			name = Products;
			sourceTree = "<group>";
		};
		AA94EE572A008A6800B89070 /* LittleLemonProject */ = {
			isa = PBXGroup;
			children = (
				AA4AE2722A05B5D30091FEBB /* ViewModel */,
				AA018BD32A055A5C006ACE0C /* Database */,
				AA018BD22A055A52006ACE0C /* Model */,
				AA4AE26B2A045A9D0091FEBB /* Extension+Style */,
				AA94EE672A008AA000B89070 /* View */,
				AA94EE582A008A6800B89070 /* LittleLemonProjectApp.swift */,
				AA94EE5E2A008A6A00B89070 /* LittleLemonProject.entitlements */,
				AA4AE2692A0093080091FEBB /* Assets.xcassets */,
				AA94EE5F2A008A6A00B89070 /* Preview Content */,
			);
			path = LittleLemonProject;
			sourceTree = "<group>";
		};
		AA94EE5F2A008A6A00B89070 /* Preview Content */ = {
			isa = PBXGroup;
			children = (
				AA90FFB02A06881F005552B1 /* Preview_Provider+Extension.swift */,
				AA94EE602A008A6A00B89070 /* Preview Assets.xcassets */,
			);
			path = "Preview Content";
			sourceTree = "<group>";
		};
		AA94EE672A008AA000B89070 /* View */ = {
			isa = PBXGroup;
			children = (
				AA90FFB22A06B6C2005552B1 /* Subview */,
				AA94EE742A008AD000B89070 /* UserProfile.swift */,
				AA94EE702A008AC600B89070 /* MenuView.swift */,
				AA94EE6F2A008AC600B89070 /* Onboarding.swift */,
				AA94EE6A2A008AB900B89070 /* Home.swift */,
				AA4AE27B2A05EFBE0091FEBB /* DishDetail.swift */,
			);
			path = View;
			sourceTree = "<group>";
		};
/* End PBXGroup section */

/* Begin PBXNativeTarget section */
		AA94EE542A008A6800B89070 /* LittleLemonProject */ = {
			isa = PBXNativeTarget;
			buildConfigurationList = AA94EE642A008A6A00B89070 /* Build configuration list for PBXNativeTarget "LittleLemonProject" */;
			buildPhases = (
				AA94EE512A008A6800B89070 /* Sources */,
				AA94EE522A008A6800B89070 /* Frameworks */,
				AA94EE532A008A6800B89070 /* Resources */,
			);
			buildRules = (
			);
			dependencies = (
			);
			name = LittleLemonProject;
			productName = LittleLemonProject;
			productReference = AA94EE552A008A6800B89070 /* LittleLemonProject.app */;
			productType = "com.apple.product-type.application";
		};
/* End PBXNativeTarget section */

/* Begin PBXProject section */
		AA94EE4D2A008A6800B89070 /* Project object */ = {
			isa = PBXProject;
			attributes = {
				BuildIndependentTargetsInParallel = 1;
				LastSwiftUpdateCheck = 1430;
				LastUpgradeCheck = 1430;
				TargetAttributes = {
					AA94EE542A008A6800B89070 = {
						CreatedOnToolsVersion = 14.3;
					};
				};
			};
			buildConfigurationList = AA94EE502A008A6800B89070 /* Build configuration list for PBXProject "LittleLemonProject" */;
			compatibilityVersion = "Xcode 14.0";
			developmentRegion = en;
			hasScannedForEncodings = 0;
			knownRegions = (
				en,
				Base,
			);
			mainGroup = AA94EE4C2A008A6800B89070;
			productRefGroup = AA94EE562A008A6800B89070 /* Products */;
			projectDirPath = "";
			projectRoot = "";
			targets = (
				AA94EE542A008A6800B89070 /* LittleLemonProject */,
			);
		};
/* End PBXProject section */

/* Begin PBXResourcesBuildPhase section */
		AA94EE532A008A6800B89070 /* Resources */ = {
			isa = PBXResourcesBuildPhase;
			buildActionMask = 2147483647;
			files = (
				AA4AE26A2A0093080091FEBB /* Assets.xcassets in Resources */,
				AA94EE612A008A6A00B89070 /* Preview Assets.xcassets in Resources */,
			);
			runOnlyForDeploymentPostprocessing = 0;
		};
/* End PBXResourcesBuildPhase section */

/* Begin PBXSourcesBuildPhase section */
		AA94EE512A008A6800B89070 /* Sources */ = {
			isa = PBXSourcesBuildPhase;
			buildActionMask = 2147483647;
			files = (
				AA94EE6B2A008AB900B89070 /* CustomStyle.swift in Sources */,
				AA018BD52A055A89006ACE0C /* DataManager.swift in Sources */,
				AA4AE26D2A045AC10091FEBB /* Color+Extension.swift in Sources */,
				AA94EE732A008AC600B89070 /* MenuView.swift in Sources */,
				AA94EE6D2A008AB900B89070 /* Home.swift in Sources */,
				AA4AE27C2A05EFBE0091FEBB /* DishDetail.swift in Sources */,
				AA018BD82A055ABD006ACE0C /* LittleLemonProjectDB.xcdatamodeld in Sources */,
				AA4AE2762A05B8880091FEBB /* Dish+Extension.swift in Sources */,
				AA90FFB12A06881F005552B1 /* Preview_Provider+Extension.swift in Sources */,
				AA90FFB42A06B6D6005552B1 /* Header.swift in Sources */,
				AA4AE2782A05DF280091FEBB /* Double+Extension.swift in Sources */,
				AA94EE722A008AC600B89070 /* Onboarding.swift in Sources */,
				AA4AE2742A05B6140091FEBB /* HomeViewModel.swift in Sources */,
				AA94EE6C2A008AB900B89070 /* CustomTextfieldStyle.swift in Sources */,
				AA94EE592A008A6800B89070 /* LittleLemonProjectApp.swift in Sources */,
				AA94EE712A008AC600B89070 /* MenuCell.swift in Sources */,
				AA94EE752A008AD000B89070 /* UserProfile.swift in Sources */,
			);
			runOnlyForDeploymentPostprocessing = 0;
		};
/* End PBXSourcesBuildPhase section */

/* Begin XCBuildConfiguration section */
		AA94EE622A008A6A00B89070 /* Debug */ = {
			isa = XCBuildConfiguration;
			buildSettings = {
				ALWAYS_SEARCH_USER_PATHS = NO;
				CLANG_ANALYZER_NONNULL = YES;
				CLANG_ANALYZER_NUMBER_OBJECT_CONVERSION = YES_AGGRESSIVE;
				CLANG_CXX_LANGUAGE_STANDARD = "gnu++20";
				CLANG_ENABLE_MODULES = YES;
				CLANG_ENABLE_OBJC_ARC = YES;
				CLANG_ENABLE_OBJC_WEAK = YES;
				CLANG_WARN_BLOCK_CAPTURE_AUTORELEASING = YES;
				CLANG_WARN_BOOL_CONVERSION = YES;
				CLANG_WARN_COMMA = YES;
				CLANG_WARN_CONSTANT_CONVERSION = YES;
				CLANG_WARN_DEPRECATED_OBJC_IMPLEMENTATIONS = YES;
				CLANG_WARN_DIRECT_OBJC_ISA_USAGE = YES_ERROR;
				CLANG_WARN_DOCUMENTATION_COMMENTS = YES;
				CLANG_WARN_EMPTY_BODY = YES;
				CLANG_WARN_ENUM_CONVERSION = YES;
				CLANG_WARN_INFINITE_RECURSION = YES;
				CLANG_WARN_INT_CONVERSION = YES;
				CLANG_WARN_NON_LITERAL_NULL_CONVERSION = YES;
				CLANG_WARN_OBJC_IMPLICIT_RETAIN_SELF = YES;
				CLANG_WARN_OBJC_LITERAL_CONVERSION = YES;
				CLANG_WARN_OBJC_ROOT_CLASS = YES_ERROR;
				CLANG_WARN_QUOTED_INCLUDE_IN_FRAMEWORK_HEADER = YES;
				CLANG_WARN_RANGE_LOOP_ANALYSIS = YES;
				CLANG_WARN_STRICT_PROTOTYPES = YES;
				CLANG_WARN_SUSPICIOUS_MOVE = YES;
				CLANG_WARN_UNGUARDED_AVAILABILITY = YES_AGGRESSIVE;
				CLANG_WARN_UNREACHABLE_CODE = YES;
				CLANG_WARN__DUPLICATE_METHOD_MATCH = YES;
				COPY_PHASE_STRIP = NO;
				DEBUG_INFORMATION_FORMAT = dwarf;
				ENABLE_STRICT_OBJC_MSGSEND = YES;
				ENABLE_TESTABILITY = YES;
				GCC_C_LANGUAGE_STANDARD = gnu11;
				GCC_DYNAMIC_NO_PIC = NO;
				GCC_NO_COMMON_BLOCKS = YES;
				GCC_OPTIMIZATION_LEVEL = 0;
				GCC_PREPROCESSOR_DEFINITIONS = (
					"DEBUG=1",
					"$(inherited)",
				);
				GCC_WARN_64_TO_32_BIT_CONVERSION = YES;
				GCC_WARN_ABOUT_RETURN_TYPE = YES_ERROR;
				GCC_WARN_UNDECLARED_SELECTOR = YES;
				GCC_WARN_UNINITIALIZED_AUTOS = YES_AGGRESSIVE;
				GCC_WARN_UNUSED_FUNCTION = YES;
				GCC_WARN_UNUSED_VARIABLE = YES;
				IPHONEOS_DEPLOYMENT_TARGET = 16.2;
				MTL_ENABLE_DEBUG_INFO = INCLUDE_SOURCE;
				MTL_FAST_MATH = YES;
				ONLY_ACTIVE_ARCH = YES;
				SWIFT_ACTIVE_COMPILATION_CONDITIONS = DEBUG;
				SWIFT_OPTIMIZATION_LEVEL = "-Onone";
			};
			name = Debug;
		};
		AA94EE632A008A6A00B89070 /* Release */ = {
			isa = XCBuildConfiguration;
			buildSettings = {
				ALWAYS_SEARCH_USER_PATHS = NO;
				CLANG_ANALYZER_NONNULL = YES;
				CLANG_ANALYZER_NUMBER_OBJECT_CONVERSION = YES_AGGRESSIVE;
				CLANG_CXX_LANGUAGE_STANDARD = "gnu++20";
				CLANG_ENABLE_MODULES = YES;
				CLANG_ENABLE_OBJC_ARC = YES;
				CLANG_ENABLE_OBJC_WEAK = YES;
				CLANG_WARN_BLOCK_CAPTURE_AUTORELEASING = YES;
				CLANG_WARN_BOOL_CONVERSION = YES;
				CLANG_WARN_COMMA = YES;
				CLANG_WARN_CONSTANT_CONVERSION = YES;
				CLANG_WARN_DEPRECATED_OBJC_IMPLEMENTATIONS = YES;
				CLANG_WARN_DIRECT_OBJC_ISA_USAGE = YES_ERROR;
				CLANG_WARN_DOCUMENTATION_COMMENTS = YES;
				CLANG_WARN_EMPTY_BODY = YES;
				CLANG_WARN_ENUM_CONVERSION = YES;
				CLANG_WARN_INFINITE_RECURSION = YES;
				CLANG_WARN_INT_CONVERSION = YES;
				CLANG_WARN_NON_LITERAL_NULL_CONVERSION = YES;
				CLANG_WARN_OBJC_IMPLICIT_RETAIN_SELF = YES;
				CLANG_WARN_OBJC_LITERAL_CONVERSION = YES;
				CLANG_WARN_OBJC_ROOT_CLASS = YES_ERROR;
				CLANG_WARN_QUOTED_INCLUDE_IN_FRAMEWORK_HEADER = YES;
				CLANG_WARN_RANGE_LOOP_ANALYSIS = YES;
				CLANG_WARN_STRICT_PROTOTYPES = YES;
				CLANG_WARN_SUSPICIOUS_MOVE = YES;
				CLANG_WARN_UNGUARDED_AVAILABILITY = YES_AGGRESSIVE;
				CLANG_WARN_UNREACHABLE_CODE = YES;
				CLANG_WARN__DUPLICATE_METHOD_MATCH = YES;
				COPY_PHASE_STRIP = NO;
				DEBUG_INFORMATION_FORMAT = "dwarf-with-dsym";
				ENABLE_NS_ASSERTIONS = NO;
				ENABLE_STRICT_OBJC_MSGSEND = YES;
				GCC_C_LANGUAGE_STANDARD = gnu11;
				GCC_NO_COMMON_BLOCKS = YES;
				GCC_WARN_64_TO_32_BIT_CONVERSION = YES;
				GCC_WARN_ABOUT_RETURN_TYPE = YES_ERROR;
				GCC_WARN_UNDECLARED_SELECTOR = YES;
				GCC_WARN_UNINITIALIZED_AUTOS = YES_AGGRESSIVE;
				GCC_WARN_UNUSED_FUNCTION = YES;
				GCC_WARN_UNUSED_VARIABLE = YES;
				IPHONEOS_DEPLOYMENT_TARGET = 16.2;
				MTL_ENABLE_DEBUG_INFO = NO;
				MTL_FAST_MATH = YES;
				SWIFT_COMPILATION_MODE = wholemodule;
				SWIFT_OPTIMIZATION_LEVEL = "-O";
			};
			name = Release;
		};
		AA94EE652A008A6A00B89070 /* Debug */ = {
			isa = XCBuildConfiguration;
			buildSettings = {
				ASSETCATALOG_COMPILER_APPICON_NAME = AppIcon;
				ASSETCATALOG_COMPILER_GLOBAL_ACCENT_COLOR_NAME = AccentColor;
				CODE_SIGN_ENTITLEMENTS = LittleLemonProject/LittleLemonProject.entitlements;
				CODE_SIGN_STYLE = Automatic;
				CURRENT_PROJECT_VERSION = 1;
				DEVELOPMENT_ASSET_PATHS = "\"LittleLemonProject/Preview Content\"";
				DEVELOPMENT_TEAM = 2UD4W584UL;
				ENABLE_HARDENED_RUNTIME = YES;
				ENABLE_PREVIEWS = YES;
				GENERATE_INFOPLIST_FILE = YES;
				"INFOPLIST_KEY_UIApplicationSceneManifest_Generation[sdk=iphoneos*]" = YES;
				"INFOPLIST_KEY_UIApplicationSceneManifest_Generation[sdk=iphonesimulator*]" = YES;
				"INFOPLIST_KEY_UIApplicationSupportsIndirectInputEvents[sdk=iphoneos*]" = YES;
				"INFOPLIST_KEY_UIApplicationSupportsIndirectInputEvents[sdk=iphonesimulator*]" = YES;
				"INFOPLIST_KEY_UILaunchScreen_Generation[sdk=iphoneos*]" = YES;
				"INFOPLIST_KEY_UILaunchScreen_Generation[sdk=iphonesimulator*]" = YES;
				INFOPLIST_KEY_UIRequiresFullScreen = YES;
				"INFOPLIST_KEY_UIStatusBarStyle[sdk=iphoneos*]" = UIStatusBarStyleDefault;
				"INFOPLIST_KEY_UIStatusBarStyle[sdk=iphonesimulator*]" = UIStatusBarStyleDefault;
				INFOPLIST_KEY_UISupportedInterfaceOrientations = UIInterfaceOrientationPortrait;
				IPHONEOS_DEPLOYMENT_TARGET = 16.2;
				LD_RUNPATH_SEARCH_PATHS = "@executable_path/Frameworks";
				"LD_RUNPATH_SEARCH_PATHS[sdk=macosx*]" = "@executable_path/../Frameworks";
				MACOSX_DEPLOYMENT_TARGET = "$(RECOMMENDED_MACOSX_DEPLOYMENT_TARGET)";
				MARKETING_VERSION = 1.0;
				PRODUCT_BUNDLE_IDENTIFIER = com.julien.laurent.LittleLemonProject;
				PRODUCT_NAME = "$(TARGET_NAME)";
				SDKROOT = auto;
				SUPPORTED_PLATFORMS = "iphoneos iphonesimulator";
				SUPPORTS_MACCATALYST = NO;
				SUPPORTS_MAC_DESIGNED_FOR_IPHONE_IPAD = NO;
				SWIFT_EMIT_LOC_STRINGS = YES;
				SWIFT_VERSION = 5.0;
				TARGETED_DEVICE_FAMILY = "1,2";
			};
			name = Debug;
		};
		AA94EE662A008A6A00B89070 /* Release */ = {
			isa = XCBuildConfiguration;
			buildSettings = {
				ASSETCATALOG_COMPILER_APPICON_NAME = AppIcon;
				ASSETCATALOG_COMPILER_GLOBAL_ACCENT_COLOR_NAME = AccentColor;
				CODE_SIGN_ENTITLEMENTS = LittleLemonProject/LittleLemonProject.entitlements;
				CODE_SIGN_STYLE = Automatic;
				CURRENT_PROJECT_VERSION = 1;
				DEVELOPMENT_ASSET_PATHS = "\"LittleLemonProject/Preview Content\"";
				DEVELOPMENT_TEAM = 2UD4W584UL;
				ENABLE_HARDENED_RUNTIME = YES;
				ENABLE_PREVIEWS = YES;
				GENERATE_INFOPLIST_FILE = YES;
				"INFOPLIST_KEY_UIApplicationSceneManifest_Generation[sdk=iphoneos*]" = YES;
				"INFOPLIST_KEY_UIApplicationSceneManifest_Generation[sdk=iphonesimulator*]" = YES;
				"INFOPLIST_KEY_UIApplicationSupportsIndirectInputEvents[sdk=iphoneos*]" = YES;
				"INFOPLIST_KEY_UIApplicationSupportsIndirectInputEvents[sdk=iphonesimulator*]" = YES;
				"INFOPLIST_KEY_UILaunchScreen_Generation[sdk=iphoneos*]" = YES;
				"INFOPLIST_KEY_UILaunchScreen_Generation[sdk=iphonesimulator*]" = YES;
				INFOPLIST_KEY_UIRequiresFullScreen = YES;
				"INFOPLIST_KEY_UIStatusBarStyle[sdk=iphoneos*]" = UIStatusBarStyleDefault;
				"INFOPLIST_KEY_UIStatusBarStyle[sdk=iphonesimulator*]" = UIStatusBarStyleDefault;
				INFOPLIST_KEY_UISupportedInterfaceOrientations = UIInterfaceOrientationPortrait;
				IPHONEOS_DEPLOYMENT_TARGET = 16.2;
				LD_RUNPATH_SEARCH_PATHS = "@executable_path/Frameworks";
				"LD_RUNPATH_SEARCH_PATHS[sdk=macosx*]" = "@executable_path/../Frameworks";
				MACOSX_DEPLOYMENT_TARGET = "$(RECOMMENDED_MACOSX_DEPLOYMENT_TARGET)";
				MARKETING_VERSION = 1.0;
				PRODUCT_BUNDLE_IDENTIFIER = com.julien.laurent.LittleLemonProject;
				PRODUCT_NAME = "$(TARGET_NAME)";
				SDKROOT = auto;
				SUPPORTED_PLATFORMS = "iphoneos iphonesimulator";
				SUPPORTS_MACCATALYST = NO;
				SUPPORTS_MAC_DESIGNED_FOR_IPHONE_IPAD = NO;
				SWIFT_EMIT_LOC_STRINGS = YES;
				SWIFT_VERSION = 5.0;
				TARGETED_DEVICE_FAMILY = "1,2";
			};
			name = Release;
		};
/* End XCBuildConfiguration section */

/* Begin XCConfigurationList section */
		AA94EE502A008A6800B89070 /* Build configuration list for PBXProject "LittleLemonProject" */ = {
			isa = XCConfigurationList;
			buildConfigurations = (
				AA94EE622A008A6A00B89070 /* Debug */,
				AA94EE632A008A6A00B89070 /* Release */,
			);
			defaultConfigurationIsVisible = 0;
			defaultConfigurationName = Release;
		};
		AA94EE642A008A6A00B89070 /* Build configuration list for PBXNativeTarget "LittleLemonProject" */ = {
			isa = XCConfigurationList;
			buildConfigurations = (
				AA94EE652A008A6A00B89070 /* Debug */,
				AA94EE662A008A6A00B89070 /* Release */,
			);
			defaultConfigurationIsVisible = 0;
			defaultConfigurationName = Release;
		};
/* End XCConfigurationList section */

/* Begin XCVersionGroup section */
		AA018BD62A055ABD006ACE0C /* LittleLemonProjectDB.xcdatamodeld */ = {
			isa = XCVersionGroup;
			children = (
				AA018BD72A055ABD006ACE0C /* LittleLemonProjectDB.xcdatamodel */,
			);
			currentVersion = AA018BD72A055ABD006ACE0C /* LittleLemonProjectDB.xcdatamodel */;
			path = LittleLemonProjectDB.xcdatamodeld;
			sourceTree = "<group>";
			versionGroupType = wrapper.xcdatamodel;
		};
/* End XCVersionGroup section */
	};
	rootObject = AA94EE4D2A008A6800B89070 /* Project object */;
}
